{
  "checksum": "ff60f67df65288050f9b9c9fbdfd2394ddf1ad323c705021af71d655eacccad6",
  "crates": {
    "direct-cargo-bazel-deps 0.0.1": {
      "name": "direct-cargo-bazel-deps",
      "version": "0.0.1",
      "repository": null,
      "targets": [
        {
          "Library": {
            "crate_name": "direct_cargo_bazel_deps",
            "crate_root": ".direct_cargo_bazel_deps.rs",
            "srcs": [
              "**/*.rs"
            ]
          }
        }
      ],
      "library_target_name": "direct_cargo_bazel_deps",
      "common_attrs": {
        "compile_data_glob": [
          "**"
        ],
        "deps": {
          "common": [
            {
              "id": "toml 0.7.6",
              "target": "toml"
            }
          ],
          "selects": {}
        },
        "edition": "2018",
        "version": "0.0.1"
      },
      "license": null
    },
    "equivalent 1.0.1": {
      "name": "equivalent",
      "version": "1.0.1",
      "repository": {
        "Http": {
          "url": "https://crates.io/api/v1/crates/equivalent/1.0.1/download",
          "sha256": "5443807d6dff69373d433ab9ef5378ad8df50ca6298caf15de6e52e24aaf54d5"
        }
      },
      "targets": [
        {
          "Library": {
            "crate_name": "equivalent",
            "crate_root": "src/lib.rs",
            "srcs": [
              "**/*.rs"
            ]
          }
        }
      ],
      "library_target_name": "equivalent",
      "common_attrs": {
        "compile_data_glob": [
          "**"
        ],
        "edition": "2015",
        "version": "1.0.1"
      },
      "license": "Apache-2.0 OR MIT"
    },
    "hashbrown 0.14.0": {
      "name": "hashbrown",
      "version": "0.14.0",
      "repository": {
        "Http": {
          "url": "https://crates.io/api/v1/crates/hashbrown/0.14.0/download",
          "sha256": "2c6201b9ff9fd90a5a3bac2e56a830d0caa509576f0e503818ee82c181b3437a"
        }
      },
      "targets": [
        {
          "Library": {
            "crate_name": "hashbrown",
            "crate_root": "src/lib.rs",
            "srcs": [
              "**/*.rs"
            ]
          }
        }
      ],
      "library_target_name": "hashbrown",
      "common_attrs": {
        "compile_data_glob": [
          "**"
        ],
        "crate_features": {
          "common": [
            "raw"
          ],
          "selects": {}
        },
        "edition": "2021",
        "version": "0.14.0"
      },
      "license": "MIT OR Apache-2.0"
    },
    "indexmap 2.0.0": {
      "name": "indexmap",
      "version": "2.0.0",
      "repository": {
        "Http": {
          "url": "https://crates.io/api/v1/crates/indexmap/2.0.0/download",
          "sha256": "d5477fe2230a79769d8dc68e0eabf5437907c0457a5614a9e8dddb67f65eb65d"
        }
      },
      "targets": [
        {
          "Library": {
            "crate_name": "indexmap",
            "crate_root": "src/lib.rs",
            "srcs": [
              "**/*.rs"
            ]
          }
        }
      ],
      "library_target_name": "indexmap",
      "common_attrs": {
        "compile_data_glob": [
          "**"
        ],
        "crate_features": {
          "common": [
            "default",
            "std"
          ],
          "selects": {}
        },
        "deps": {
          "common": [
            {
              "id": "equivalent 1.0.1",
              "target": "equivalent"
            },
            {
              "id": "hashbrown 0.14.0",
              "target": "hashbrown"
            }
          ],
          "selects": {}
        },
        "edition": "2021",
        "version": "2.0.0"
      },
      "license": "Apache-2.0 OR MIT"
    },
    "memchr 2.5.0": {
      "name": "memchr",
      "version": "2.5.0",
      "repository": {
        "Http": {
          "url": "https://crates.io/api/v1/crates/memchr/2.5.0/download",
          "sha256": "2dffe52ecf27772e601905b7522cb4ef790d2cc203488bbd0e2fe85fcb74566d"
        }
      },
      "targets": [
        {
          "Library": {
            "crate_name": "memchr",
            "crate_root": "src/lib.rs",
            "srcs": [
              "**/*.rs"
            ]
          }
        },
        {
          "BuildScript": {
            "crate_name": "build_script_build",
            "crate_root": "build.rs",
            "srcs": [
              "**/*.rs"
            ]
          }
        }
      ],
      "library_target_name": "memchr",
      "common_attrs": {
        "compile_data_glob": [
          "**"
        ],
        "deps": {
          "common": [
            {
              "id": "memchr 2.5.0",
              "target": "build_script_build"
            }
          ],
          "selects": {}
        },
        "edition": "2018",
        "version": "2.5.0"
      },
      "build_script_attrs": {
        "data_glob": [
          "**"
        ]
      },
      "license": "Unlicense/MIT"
    },
    "serde 1.0.152": {
      "name": "serde",
      "version": "1.0.152",
      "repository": {
        "Http": {
          "url": "https://crates.io/api/v1/crates/serde/1.0.152/download",
          "sha256": "bb7d1f0d3021d347a83e556fc4683dea2ea09d87bccdf88ff5c12545d89d5efb"
        }
      },
      "targets": [
        {
          "Library": {
            "crate_name": "serde",
            "crate_root": "src/lib.rs",
            "srcs": [
              "**/*.rs"
            ]
          }
        },
        {
          "BuildScript": {
            "crate_name": "build_script_build",
            "crate_root": "build.rs",
            "srcs": [
              "**/*.rs"
            ]
          }
        }
      ],
      "library_target_name": "serde",
      "common_attrs": {
        "compile_data_glob": [
          "**"
        ],
        "crate_features": {
          "common": [
            "default",
            "std"
          ],
          "selects": {}
        },
        "deps": {
          "common": [
            {
              "id": "serde 1.0.152",
              "target": "build_script_build"
            }
          ],
          "selects": {}
        },
        "edition": "2015",
        "version": "1.0.152"
      },
      "build_script_attrs": {
        "data_glob": [
          "**"
        ]
      },
      "license": "MIT OR Apache-2.0"
    },
    "serde_spanned 0.6.3": {
      "name": "serde_spanned",
      "version": "0.6.3",
      "repository": {
        "Http": {
          "url": "https://crates.io/api/v1/crates/serde_spanned/0.6.3/download",
          "sha256": "96426c9936fd7a0124915f9185ea1d20aa9445cc9821142f0a73bc9207a2e186"
        }
      },
      "targets": [
        {
          "Library": {
            "crate_name": "serde_spanned",
            "crate_root": "src/lib.rs",
            "srcs": [
              "**/*.rs"
            ]
          }
        }
      ],
      "library_target_name": "serde_spanned",
      "common_attrs": {
        "compile_data_glob": [
          "**"
        ],
        "crate_features": {
          "common": [
            "serde"
          ],
          "selects": {}
        },
        "deps": {
          "common": [
            {
              "id": "serde 1.0.152",
              "target": "serde"
            }
          ],
          "selects": {}
        },
        "edition": "2021",
        "version": "0.6.3"
      },
      "license": "MIT OR Apache-2.0"
    },
    "toml 0.7.6": {
      "name": "toml",
      "version": "0.7.6",
      "repository": {
        "Http": {
          "url": "https://crates.io/api/v1/crates/toml/0.7.6/download",
          "sha256": "c17e963a819c331dcacd7ab957d80bc2b9a9c1e71c804826d2f283dd65306542"
        }
      },
      "targets": [
        {
          "Library": {
            "crate_name": "toml",
            "crate_root": "src/lib.rs",
            "srcs": [
              "**/*.rs"
            ]
          }
        }
      ],
      "library_target_name": "toml",
      "common_attrs": {
        "compile_data_glob": [
          "**"
        ],
        "crate_features": {
          "common": [
            "default",
            "display",
            "parse"
          ],
          "selects": {}
        },
        "deps": {
          "common": [
            {
              "id": "serde 1.0.152",
              "target": "serde"
            },
            {
              "id": "serde_spanned 0.6.3",
              "target": "serde_spanned"
            },
            {
              "id": "toml_datetime 0.6.3",
              "target": "toml_datetime"
            },
            {
              "id": "toml_edit 0.19.14",
              "target": "toml_edit"
            }
          ],
          "selects": {}
        },
        "edition": "2021",
        "version": "0.7.6"
      },
      "license": "MIT OR Apache-2.0"
    },
    "toml_datetime 0.6.3": {
      "name": "toml_datetime",
      "version": "0.6.3",
      "repository": {
        "Http": {
          "url": "https://crates.io/api/v1/crates/toml_datetime/0.6.3/download",
          "sha256": "7cda73e2f1397b1262d6dfdcef8aafae14d1de7748d66822d3bfeeb6d03e5e4b"
        }
      },
      "targets": [
        {
          "Library": {
            "crate_name": "toml_datetime",
            "crate_root": "src/lib.rs",
            "srcs": [
              "**/*.rs"
            ]
          }
        }
      ],
      "library_target_name": "toml_datetime",
      "common_attrs": {
        "compile_data_glob": [
          "**"
        ],
        "crate_features": {
          "common": [
            "serde"
          ],
          "selects": {}
        },
        "deps": {
          "common": [
            {
              "id": "serde 1.0.152",
              "target": "serde"
            }
          ],
          "selects": {}
        },
        "edition": "2021",
        "version": "0.6.3"
      },
      "license": "MIT OR Apache-2.0"
    },
    "toml_edit 0.19.14": {
      "name": "toml_edit",
      "version": "0.19.14",
      "repository": {
        "Http": {
          "url": "https://crates.io/api/v1/crates/toml_edit/0.19.14/download",
          "sha256": "f8123f27e969974a3dfba720fdb560be359f57b44302d280ba72e76a74480e8a"
        }
      },
      "targets": [
        {
          "Library": {
            "crate_name": "toml_edit",
            "crate_root": "src/lib.rs",
            "srcs": [
              "**/*.rs"
            ]
          }
        }
      ],
      "library_target_name": "toml_edit",
      "common_attrs": {
        "compile_data_glob": [
          "**"
        ],
        "crate_features": {
          "common": [
            "default",
            "serde"
          ],
          "selects": {}
        },
        "deps": {
          "common": [
            {
              "id": "indexmap 2.0.0",
              "target": "indexmap"
            },
            {
              "id": "serde 1.0.152",
              "target": "serde"
            },
            {
              "id": "serde_spanned 0.6.3",
              "target": "serde_spanned"
            },
            {
              "id": "toml_datetime 0.6.3",
              "target": "toml_datetime"
            },
            {
              "id": "winnow 0.5.1",
              "target": "winnow"
            }
          ],
          "selects": {}
        },
        "edition": "2021",
        "version": "0.19.14"
      },
      "license": "MIT OR Apache-2.0"
    },
    "winnow 0.5.1": {
      "name": "winnow",
      "version": "0.5.1",
      "repository": {
        "Http": {
          "url": "https://crates.io/api/v1/crates/winnow/0.5.1/download",
          "sha256": "25b5872fa2e10bd067ae946f927e726d7d603eaeb6e02fa6a350e0722d2b8c11"
        }
      },
      "targets": [
        {
          "Library": {
            "crate_name": "winnow",
            "crate_root": "src/lib.rs",
            "srcs": [
              "**/*.rs"
            ]
          }
        }
      ],
      "library_target_name": "winnow",
      "common_attrs": {
        "compile_data_glob": [
          "**"
        ],
        "crate_features": {
          "common": [
            "alloc",
            "default",
            "std"
          ],
          "selects": {}
        },
        "edition": "2021",
        "version": "0.5.1"
      },
      "license": "MIT"
    }
  },
  "binary_crates": [],
  "workspace_members": {
    "direct-cargo-bazel-deps 0.0.1": ""
  },
  "conditions": {}
}
